// !$*UTF8*$!
{
	archiveVersion = 1;
	classes = {
	};
	objectVersion = 63;
	objects = {

/* Begin PBXBuildFile section */
		1427B370ADC3A495B615546B /* CashOutApp.swift in Sources */ = {isa = PBXBuildFile; fileRef = F0AF4C3E7DFCE872871D084A /* CashOutApp.swift */; };
		153E0DEA326A83544928E75A /* CashOutTests.swift in Sources */ = {isa = PBXBuildFile; fileRef = 6C03FD3DF779E759B6D1D285 /* CashOutTests.swift */; };
		2750E955A1E2731C4B5E8321 /* SettingsViewModelTests.swift in Sources */ = {isa = PBXBuildFile; fileRef = 85EF3A66719955A8ECD9748F /* SettingsViewModelTests.swift */; };
		2E8D0B277039C0B5F2086BE8 /* CashOutUITests.swift in Sources */ = {isa = PBXBuildFile; fileRef = 56E47D265877422A4C4C574A /* CashOutUITests.swift */; };
		308A95AE3C8416E2C787B499 /* PersistenceController.swift in Sources */ = {isa = PBXBuildFile; fileRef = 9727F81F696E1B13C570B543 /* PersistenceController.swift */; };
		498E2B5BCEDD4FDFAF14120D /* ExpenseRepositorySharingTests.swift in Sources */ = {isa = PBXBuildFile; fileRef = 3FA5C09A57894CF0B96741CA /* ExpenseRepositorySharingTests.swift */; };
		5102D72F0BDE092FC9D42DA0 /* Category+CoreDataProperties.swift in Sources */ = {isa = PBXBuildFile; fileRef = 53DA7BD102204E62B0278D53 /* Category+CoreDataProperties.swift */; };
		54D174F9E2C240C0B83279C7 /* Category+CoreDataClass.swift in Sources */ = {isa = PBXBuildFile; fileRef = F66C8939ADD473080B92C0BF /* Category+CoreDataClass.swift */; };
		58F63A265A39C74CC4892789 /* CloudSharingService.swift in Sources */ = {isa = PBXBuildFile; fileRef = B93CA7B942BC85758641FA13 /* CloudSharingService.swift */; };
		7534A13FDB756C9740234BF7 /* CloudSharingSheet.swift in Sources */ = {isa = PBXBuildFile; fileRef = F87D1F8C128972F26A734955 /* CloudSharingSheet.swift */; };
		7DD905A08B1776BF9F570222 /* CashOut.xcdatamodeld in Sources */ = {isa = PBXBuildFile; fileRef = 1220D06E7CDAED7C785E2D19 /* CashOut.xcdatamodeld */; };
		85E20F790EF30AB6FCFBCD36 /* ContentView.swift in Sources */ = {isa = PBXBuildFile; fileRef = 3E9EFA06CBD5754CC782E9DF /* ContentView.swift */; };
		973CA059EE0ABF8FD8E660D2 /* AppDelegate.swift in Sources */ = {isa = PBXBuildFile; fileRef = E633E5716F4D140FB5FA20A7 /* AppDelegate.swift */; };
		A1B2C3D4E5F60718A1B2C3D4 /* AuthenticationService.swift in Sources */ = {isa = PBXBuildFile; fileRef = A1B2C3D4E5F60718A1B2C3D5 /* AuthenticationService.swift */; };
		A1B2C3D4E5F60718A1B2C3D6 /* AuthenticationViewModel.swift in Sources */ = {isa = PBXBuildFile; fileRef = A1B2C3D4E5F60718A1B2C3D7 /* AuthenticationViewModel.swift */; };
		A1B2C3D4E5F60718A1B2C3D8 /* SignInView.swift in Sources */ = {isa = PBXBuildFile; fileRef = A1B2C3D4E5F60718A1B2C3D9 /* SignInView.swift */; };
		A1B2C3D4E5F60718A1B2C3DA /* MockAuthenticationService.swift in Sources */ = {isa = PBXBuildFile; fileRef = A1B2C3D4E5F60718A1B2C3DB /* MockAuthenticationService.swift */; };
		A1B2C3D4E5F60718A1B2C3DC /* AuthenticationServiceTests.swift in Sources */ = {isa = PBXBuildFile; fileRef = A1B2C3D4E5F60718A1B2C3DD /* AuthenticationServiceTests.swift */; };
		A1B2C3D4E5F60718A1B2C3DE /* AuthenticationViewModelTests.swift in Sources */ = {isa = PBXBuildFile; fileRef = A1B2C3D4E5F60718A1B2C3DF /* AuthenticationViewModelTests.swift */; };
		A9EC672858AA8781D85C18BD /* Expense+CoreDataProperties.swift in Sources */ = {isa = PBXBuildFile; fileRef = 121674B557835F802877762E /* Expense+CoreDataProperties.swift */; };
		B1C2D3E4F5061829B1C2D3E2 /* EntryView.swift in Sources */ = {isa = PBXBuildFile; fileRef = B1C2D3E4F5061829B1C2D3E1 /* EntryView.swift */; };
		B1C2D3E4F5061829B1C2D3E4 /* FeedView.swift in Sources */ = {isa = PBXBuildFile; fileRef = B1C2D3E4F5061829B1C2D3E3 /* FeedView.swift */; };
		B1C2D3E4F5061829B1C2D3E6 /* InsightsView.swift in Sources */ = {isa = PBXBuildFile; fileRef = B1C2D3E4F5061829B1C2D3E5 /* InsightsView.swift */; };
		B483D9DD79CB54CBA920091B /* Bundle+Version.swift in Sources */ = {isa = PBXBuildFile; fileRef = 913246BA79EDB79F5EE93766 /* Bundle+Version.swift */; };
		BD415C870533494D8A462A66 /* FeedViewModelSharingTests.swift in Sources */ = {isa = PBXBuildFile; fileRef = 8ACDE04A8C824DC4B54F3F0A /* FeedViewModelSharingTests.swift */; };
		C1217C5E650CA41F443A3640 /* Assets.xcassets in Resources */ = {isa = PBXBuildFile; fileRef = AB06BAEA67571D4668ABE7C9 /* Assets.xcassets */; };
		C1D2E3F4A5B60011C1D2E3F4 /* CategoryData.swift in Sources */ = {isa = PBXBuildFile; fileRef = C1D2E3F4A5B60001C1D2E3F4 /* CategoryData.swift */; };
		C1D2E3F4A5B60012C1D2E3F4 /* ExpenseData.swift in Sources */ = {isa = PBXBuildFile; fileRef = C1D2E3F4A5B60002C1D2E3F4 /* ExpenseData.swift */; };
		C1D2E3F4A5B60013C1D2E3F4 /* Color+CategoryTokens.swift in Sources */ = {isa = PBXBuildFile; fileRef = C1D2E3F4A5B60003C1D2E3F4 /* Color+CategoryTokens.swift */; };
		C1D2E3F4A5B60014C1D2E3F4 /* Constants.swift in Sources */ = {isa = PBXBuildFile; fileRef = C1D2E3F4A5B60004C1D2E3F4 /* Constants.swift */; };
		C1D2E3F4A5B60015C1D2E3F4 /* Int64+Currency.swift in Sources */ = {isa = PBXBuildFile; fileRef = C1D2E3F4A5B60005C1D2E3F4 /* Int64+Currency.swift */; };
		C1D2E3F4A5B60016C1D2E3F4 /* CategoryRepositoryProtocol.swift in Sources */ = {isa = PBXBuildFile; fileRef = C1D2E3F4A5B60006C1D2E3F4 /* CategoryRepositoryProtocol.swift */; };
		C1D2E3F4A5B60017C1D2E3F4 /* CategoryRepository.swift in Sources */ = {isa = PBXBuildFile; fileRef = C1D2E3F4A5B60007C1D2E3F4 /* CategoryRepository.swift */; };
		C1D2E3F4A5B60018C1D2E3F4 /* ExpenseRepositoryProtocol.swift in Sources */ = {isa = PBXBuildFile; fileRef = C1D2E3F4A5B60008C1D2E3F4 /* ExpenseRepositoryProtocol.swift */; };
		C1D2E3F4A5B60019C1D2E3F4 /* ExpenseRepository.swift in Sources */ = {isa = PBXBuildFile; fileRef = C1D2E3F4A5B60009C1D2E3F4 /* ExpenseRepository.swift */; };
		C1D2E3F4A5B6001AC1D2E3F4 /* TestPersistenceHelper.swift in Sources */ = {isa = PBXBuildFile; fileRef = C1D2E3F4A5B6000AC1D2E3F4 /* TestPersistenceHelper.swift */; };
		C1D2E3F4A5B6001BC1D2E3F4 /* CategoryRepositoryTests.swift in Sources */ = {isa = PBXBuildFile; fileRef = C1D2E3F4A5B6000BC1D2E3F4 /* CategoryRepositoryTests.swift */; };
		C1D2E3F4A5B6001CC1D2E3F4 /* ExpenseRepositoryTests.swift in Sources */ = {isa = PBXBuildFile; fileRef = C1D2E3F4A5B6000CC1D2E3F4 /* ExpenseRepositoryTests.swift */; };
		C1D2E3F4A5B6001DC1D2E3F4 /* Int64CurrencyTests.swift in Sources */ = {isa = PBXBuildFile; fileRef = C1D2E3F4A5B6000DC1D2E3F4 /* Int64CurrencyTests.swift */; };
		C323186B69203CC8485DB559 /* MockCloudSharingService.swift in Sources */ = {isa = PBXBuildFile; fileRef = 4DB2A11678CBB0A4FE4F186F /* MockCloudSharingService.swift */; };
		C8E0A2FDAAB606456BD2E594 /* SettingsView.swift in Sources */ = {isa = PBXBuildFile; fileRef = DF6AF7D9C39F8651CC9B29D5 /* SettingsView.swift */; };
		CE0F7A7346704A2E853F35DB /* CashOutUITestsLaunchTests.swift in Sources */ = {isa = PBXBuildFile; fileRef = 5D63F6B24BAF5CB941FE4A06 /* CashOutUITestsLaunchTests.swift */; };
		D1E2F3A4B5C60111 /* ExpenseEntryViewModel.swift in Sources */ = {isa = PBXBuildFile; fileRef = D1E2F3A4B5C60101 /* ExpenseEntryViewModel.swift */; };
		D1E2F3A4B5C60112 /* AmountDisplayView.swift in Sources */ = {isa = PBXBuildFile; fileRef = D1E2F3A4B5C60102 /* AmountDisplayView.swift */; };
		D1E2F3A4B5C60113 /* NumpadView.swift in Sources */ = {isa = PBXBuildFile; fileRef = D1E2F3A4B5C60103 /* NumpadView.swift */; };
		D1E2F3A4B5C60114 /* ExpenseEntryViewModelTests.swift in Sources */ = {isa = PBXBuildFile; fileRef = D1E2F3A4B5C60104 /* ExpenseEntryViewModelTests.swift */; };
		D8603C613DDB5F138D3CBF76 /* Expense+CoreDataClass.swift in Sources */ = {isa = PBXBuildFile; fileRef = BE6F78FE1D93413024062EBE /* Expense+CoreDataClass.swift */; };
		E1F2A3B4C5D60211E1F2A3B4 /* CategoryPickerView.swift in Sources */ = {isa = PBXBuildFile; fileRef = E1F2A3B4C5D60201E1F2A3B4 /* CategoryPickerView.swift */; };
		E1F2A3B4C5D60212E1F2A3B4 /* NoteEntrySheet.swift in Sources */ = {isa = PBXBuildFile; fileRef = E1F2A3B4C5D60202E1F2A3B4 /* NoteEntrySheet.swift */; };
		E1F2A3B4C5D60213E1F2A3B4 /* SaveButtonView.swift in Sources */ = {isa = PBXBuildFile; fileRef = E1F2A3B4C5D60203E1F2A3B4 /* SaveButtonView.swift */; };
		F1A2B3C4D5E60311F1A2B3C4 /* MockCategoryRepository.swift in Sources */ = {isa = PBXBuildFile; fileRef = F1A2B3C4D5E60301F1A2B3C4 /* MockCategoryRepository.swift */; };
		F1A2B3C4D5E60312F1A2B3C4 /* MockExpenseRepository.swift in Sources */ = {isa = PBXBuildFile; fileRef = F1A2B3C4D5E60302F1A2B3C4 /* MockExpenseRepository.swift */; };
		F57145CC7AF2B512474D364D /* SettingsViewModel.swift in Sources */ = {isa = PBXBuildFile; fileRef = 8CDFDD4BAAFD33EB669B30F6 /* SettingsViewModel.swift */; };
		G1H2I3J4K5L60711G1H2I3J4 /* HapticService.swift in Sources */ = {isa = PBXBuildFile; fileRef = G1H2I3J4K5L60701G1H2I3J4 /* HapticService.swift */; };
		G1H2I3J4K5L60712G1H2I3J4 /* MockHapticService.swift in Sources */ = {isa = PBXBuildFile; fileRef = G1H2I3J4K5L60702G1H2I3J4 /* MockHapticService.swift */; };
		H1I2J3K4L5M60811H1I2J3K4 /* Date+Formatting.swift in Sources */ = {isa = PBXBuildFile; fileRef = H1I2J3K4L5M60801H1I2J3K4 /* Date+Formatting.swift */; };
		H1I2J3K4L5M60812H1I2J3K4 /* FeedViewModel.swift in Sources */ = {isa = PBXBuildFile; fileRef = H1I2J3K4L5M60802H1I2J3K4 /* FeedViewModel.swift */; };
		H1I2J3K4L5M60813H1I2J3K4 /* FeedRowView.swift in Sources */ = {isa = PBXBuildFile; fileRef = H1I2J3K4L5M60803H1I2J3K4 /* FeedRowView.swift */; };
		H1I2J3K4L5M60814H1I2J3K4 /* FeedViewModelTests.swift in Sources */ = {isa = PBXBuildFile; fileRef = H1I2J3K4L5M60804H1I2J3K4 /* FeedViewModelTests.swift */; };
		I1J2K3L4M5N60911I1J2K3L4 /* FloatingAddButton.swift in Sources */ = {isa = PBXBuildFile; fileRef = I1J2K3L4M5N60901I1J2K3L4 /* FloatingAddButton.swift */; };
		J1K2L3M4N5O60A11 /* EditExpenseViewModel.swift in Sources */ = {isa = PBXBuildFile; fileRef = J1K2L3M4N5O60A01 /* EditExpenseViewModel.swift */; };
		J1K2L3M4N5O60A12 /* EditExpenseSheet.swift in Sources */ = {isa = PBXBuildFile; fileRef = J1K2L3M4N5O60A02 /* EditExpenseSheet.swift */; };
		J1K2L3M4N5O60A13 /* EditExpenseViewModelTests.swift in Sources */ = {isa = PBXBuildFile; fileRef = J1K2L3M4N5O60A03 /* EditExpenseViewModelTests.swift */; };
		K1L2M3N4O5P60B11 /* InsightsViewModel.swift in Sources */ = {isa = PBXBuildFile; fileRef = K1L2M3N4O5P60B01 /* InsightsViewModel.swift */; };
		K1L2M3N4O5P60B12 /* InsightsViewModelTests.swift in Sources */ = {isa = PBXBuildFile; fileRef = K1L2M3N4O5P60B02 /* InsightsViewModelTests.swift */; };
		L1M2N3O4P5Q60C11 /* InsightsSummaryView.swift in Sources */ = {isa = PBXBuildFile; fileRef = L1M2N3O4P5Q60C01 /* InsightsSummaryView.swift */; };
		L1M2N3O4P5Q60C12 /* FilteredFeedView.swift in Sources */ = {isa = PBXBuildFile; fileRef = L1M2N3O4P5Q60C02 /* FilteredFeedView.swift */; };
		L1M2N3O4P5Q60C13 /* DailyBarChartView.swift in Sources */ = {isa = PBXBuildFile; fileRef = L1M2N3O4P5Q60C03 /* DailyBarChartView.swift */; };
		L1M2N3O4P5Q60C14 /* CategoryBreakdownView.swift in Sources */ = {isa = PBXBuildFile; fileRef = L1M2N3O4P5Q60C04 /* CategoryBreakdownView.swift */; };
		M1N2O3P4Q5R60D11M1N2O3P4 /* SyncMonitorService.swift in Sources */ = {isa = PBXBuildFile; fileRef = M1N2O3P4Q5R60D01M1N2O3P4 /* SyncMonitorService.swift */; };
		M1N2O3P4Q5R60D12M1N2O3P4 /* MockSyncMonitorService.swift in Sources */ = {isa = PBXBuildFile; fileRef = M1N2O3P4Q5R60D02M1N2O3P4 /* MockSyncMonitorService.swift */; };
		N1O2P3Q4R5S60E11N1O2P3Q4 /* SyncStatusIndicator.swift in Sources */ = {isa = PBXBuildFile; fileRef = N1O2P3Q4R5S60E01N1O2P3Q4 /* SyncStatusIndicator.swift */; };
		O1P2Q3R4S5T60F11O1P2Q3R4 /* ICloudBannerView.swift in Sources */ = {isa = PBXBuildFile; fileRef = O1P2Q3R4S5T60F01O1P2Q3R4 /* ICloudBannerView.swift */; };
		P1Q2R3S4T5U60G11P1Q2R3S4 /* SyncMonitorServiceTests.swift in Sources */ = {isa = PBXBuildFile; fileRef = P1Q2R3S4T5U60G01P1Q2R3S4 /* SyncMonitorServiceTests.swift */; };
		Q1R2S3T4U5V60H01Q1R2S3T4 /* CategoryRowView.swift in Sources */ = {isa = PBXBuildFile; fileRef = R1S2T3U4V5W60I01R1S2T3U4 /* CategoryRowView.swift */; };
		S2T3U4V5W6X70J01S2T3U4V5 /* CategoryManagementView.swift in Sources */ = {isa = PBXBuildFile; fileRef = T2U3V4W5X6Y70K01T2U3V4W5 /* CategoryManagementView.swift */; };
		U3V4W5X6Y7Z80K01U3V4W5X6 /* DesignTokens.swift in Sources */ = {isa = PBXBuildFile; fileRef = U3V4W5X6Y7Z80K02U3V4W5X6 /* DesignTokens.swift */; };
/* End PBXBuildFile section */

/* Begin PBXContainerItemProxy section */
		4AAA4AC44F7D27FF73733FE4 /* PBXContainerItemProxy */ = {
			isa = PBXContainerItemProxy;
			containerPortal = 9AE90AB258B40A18F1ADF3BB /* Project object */;
			proxyType = 1;
			remoteGlobalIDString = A8BA2B94919C0ACF276EEA62;
			remoteInfo = CashOut;
		};
		FB6935BA93E63E2D62CFB2D9 /* PBXContainerItemProxy */ = {
			isa = PBXContainerItemProxy;
			containerPortal = 9AE90AB258B40A18F1ADF3BB /* Project object */;
			proxyType = 1;
			remoteGlobalIDString = A8BA2B94919C0ACF276EEA62;
			remoteInfo = CashOut;
		};
/* End PBXContainerItemProxy section */

/* Begin PBXFileReference section */
		0AB9D69562FE66A2BDE1AD23 /* CashOut.app */ = {isa = PBXFileReference; explicitFileType = wrapper.application; includeInIndex = 0; path = CashOut.app; sourceTree = BUILT_PRODUCTS_DIR; };
		121674B557835F802877762E /* Expense+CoreDataProperties.swift */ = {isa = PBXFileReference; lastKnownFileType = sourcecode.swift; path = "Expense+CoreDataProperties.swift"; sourceTree = "<group>"; };
		228F359DF75142AB62690D88 /* CashOutUITests.xctest */ = {isa = PBXFileReference; includeInIndex = 0; lastKnownFileType = wrapper.cfbundle; path = CashOutUITests.xctest; sourceTree = BUILT_PRODUCTS_DIR; };
		3E9EFA06CBD5754CC782E9DF /* ContentView.swift */ = {isa = PBXFileReference; lastKnownFileType = sourcecode.swift; path = ContentView.swift; sourceTree = "<group>"; };
		3FA5C09A57894CF0B96741CA /* ExpenseRepositorySharingTests.swift */ = {isa = PBXFileReference; lastKnownFileType = sourcecode.swift; path = ExpenseRepositorySharingTests.swift; sourceTree = "<group>"; };
		4DB2A11678CBB0A4FE4F186F /* MockCloudSharingService.swift */ = {isa = PBXFileReference; includeInIndex = 1; lastKnownFileType = sourcecode.swift; path = MockCloudSharingService.swift; sourceTree = "<group>"; };
		53DA7BD102204E62B0278D53 /* Category+CoreDataProperties.swift */ = {isa = PBXFileReference; lastKnownFileType = sourcecode.swift; path = "Category+CoreDataProperties.swift"; sourceTree = "<group>"; };
		56E47D265877422A4C4C574A /* CashOutUITests.swift */ = {isa = PBXFileReference; lastKnownFileType = sourcecode.swift; path = CashOutUITests.swift; sourceTree = "<group>"; };
		5D63F6B24BAF5CB941FE4A06 /* CashOutUITestsLaunchTests.swift */ = {isa = PBXFileReference; lastKnownFileType = sourcecode.swift; path = CashOutUITestsLaunchTests.swift; sourceTree = "<group>"; };
		6C03FD3DF779E759B6D1D285 /* CashOutTests.swift */ = {isa = PBXFileReference; lastKnownFileType = sourcecode.swift; path = CashOutTests.swift; sourceTree = "<group>"; };
		78000E55607C66EBF7E6B0BF /* CashOut.entitlements */ = {isa = PBXFileReference; lastKnownFileType = text.plist.entitlements; path = CashOut.entitlements; sourceTree = "<group>"; };
		85EF3A66719955A8ECD9748F /* SettingsViewModelTests.swift */ = {isa = PBXFileReference; includeInIndex = 1; lastKnownFileType = sourcecode.swift; path = SettingsViewModelTests.swift; sourceTree = "<group>"; };
		8ACDE04A8C824DC4B54F3F0A /* FeedViewModelSharingTests.swift */ = {isa = PBXFileReference; lastKnownFileType = sourcecode.swift; path = FeedViewModelSharingTests.swift; sourceTree = "<group>"; };
		8CDFDD4BAAFD33EB669B30F6 /* SettingsViewModel.swift */ = {isa = PBXFileReference; includeInIndex = 1; lastKnownFileType = sourcecode.swift; path = SettingsViewModel.swift; sourceTree = "<group>"; };
		913246BA79EDB79F5EE93766 /* Bundle+Version.swift */ = {isa = PBXFileReference; includeInIndex = 1; lastKnownFileType = sourcecode.swift; path = "Bundle+Version.swift"; sourceTree = "<group>"; };
		9727F81F696E1B13C570B543 /* PersistenceController.swift */ = {isa = PBXFileReference; lastKnownFileType = sourcecode.swift; path = PersistenceController.swift; sourceTree = "<group>"; };
		A1B2C3D4E5F60718A1B2C3D5 /* AuthenticationService.swift */ = {isa = PBXFileReference; lastKnownFileType = sourcecode.swift; path = AuthenticationService.swift; sourceTree = "<group>"; };
		A1B2C3D4E5F60718A1B2C3D7 /* AuthenticationViewModel.swift */ = {isa = PBXFileReference; lastKnownFileType = sourcecode.swift; path = AuthenticationViewModel.swift; sourceTree = "<group>"; };
		A1B2C3D4E5F60718A1B2C3D9 /* SignInView.swift */ = {isa = PBXFileReference; lastKnownFileType = sourcecode.swift; path = SignInView.swift; sourceTree = "<group>"; };
		A1B2C3D4E5F60718A1B2C3DB /* MockAuthenticationService.swift */ = {isa = PBXFileReference; lastKnownFileType = sourcecode.swift; path = MockAuthenticationService.swift; sourceTree = "<group>"; };
		A1B2C3D4E5F60718A1B2C3DD /* AuthenticationServiceTests.swift */ = {isa = PBXFileReference; lastKnownFileType = sourcecode.swift; path = AuthenticationServiceTests.swift; sourceTree = "<group>"; };
		A1B2C3D4E5F60718A1B2C3DF /* AuthenticationViewModelTests.swift */ = {isa = PBXFileReference; lastKnownFileType = sourcecode.swift; path = AuthenticationViewModelTests.swift; sourceTree = "<group>"; };
		AB06BAEA67571D4668ABE7C9 /* Assets.xcassets */ = {isa = PBXFileReference; lastKnownFileType = folder.assetcatalog; path = Assets.xcassets; sourceTree = "<group>"; };
		B1C2D3E4F5061829B1C2D3E1 /* EntryView.swift */ = {isa = PBXFileReference; lastKnownFileType = sourcecode.swift; path = EntryView.swift; sourceTree = "<group>"; };
		B1C2D3E4F5061829B1C2D3E3 /* FeedView.swift */ = {isa = PBXFileReference; lastKnownFileType = sourcecode.swift; path = FeedView.swift; sourceTree = "<group>"; };
		B1C2D3E4F5061829B1C2D3E5 /* InsightsView.swift */ = {isa = PBXFileReference; lastKnownFileType = sourcecode.swift; path = InsightsView.swift; sourceTree = "<group>"; };
		B93CA7B942BC85758641FA13 /* CloudSharingService.swift */ = {isa = PBXFileReference; includeInIndex = 1; lastKnownFileType = sourcecode.swift; path = CloudSharingService.swift; sourceTree = "<group>"; };
		BE6F78FE1D93413024062EBE /* Expense+CoreDataClass.swift */ = {isa = PBXFileReference; lastKnownFileType = sourcecode.swift; path = "Expense+CoreDataClass.swift"; sourceTree = "<group>"; };
		C1D2E3F4A5B60001C1D2E3F4 /* CategoryData.swift */ = {isa = PBXFileReference; lastKnownFileType = sourcecode.swift; path = CategoryData.swift; sourceTree = "<group>"; };
		C1D2E3F4A5B60002C1D2E3F4 /* ExpenseData.swift */ = {isa = PBXFileReference; lastKnownFileType = sourcecode.swift; path = ExpenseData.swift; sourceTree = "<group>"; };
		C1D2E3F4A5B60003C1D2E3F4 /* Color+CategoryTokens.swift */ = {isa = PBXFileReference; lastKnownFileType = sourcecode.swift; path = "Color+CategoryTokens.swift"; sourceTree = "<group>"; };
		C1D2E3F4A5B60004C1D2E3F4 /* Constants.swift */ = {isa = PBXFileReference; lastKnownFileType = sourcecode.swift; path = Constants.swift; sourceTree = "<group>"; };
		U3V4W5X6Y7Z80K02U3V4W5X6 /* DesignTokens.swift */ = {isa = PBXFileReference; lastKnownFileType = sourcecode.swift; path = DesignTokens.swift; sourceTree = "<group>"; };
		C1D2E3F4A5B60005C1D2E3F4 /* Int64+Currency.swift */ = {isa = PBXFileReference; lastKnownFileType = sourcecode.swift; path = "Int64+Currency.swift"; sourceTree = "<group>"; };
		C1D2E3F4A5B60006C1D2E3F4 /* CategoryRepositoryProtocol.swift */ = {isa = PBXFileReference; lastKnownFileType = sourcecode.swift; path = CategoryRepositoryProtocol.swift; sourceTree = "<group>"; };
		C1D2E3F4A5B60007C1D2E3F4 /* CategoryRepository.swift */ = {isa = PBXFileReference; lastKnownFileType = sourcecode.swift; path = CategoryRepository.swift; sourceTree = "<group>"; };
		C1D2E3F4A5B60008C1D2E3F4 /* ExpenseRepositoryProtocol.swift */ = {isa = PBXFileReference; lastKnownFileType = sourcecode.swift; path = ExpenseRepositoryProtocol.swift; sourceTree = "<group>"; };
		C1D2E3F4A5B60009C1D2E3F4 /* ExpenseRepository.swift */ = {isa = PBXFileReference; lastKnownFileType = sourcecode.swift; path = ExpenseRepository.swift; sourceTree = "<group>"; };
		C1D2E3F4A5B6000AC1D2E3F4 /* TestPersistenceHelper.swift */ = {isa = PBXFileReference; lastKnownFileType = sourcecode.swift; path = TestPersistenceHelper.swift; sourceTree = "<group>"; };
		C1D2E3F4A5B6000BC1D2E3F4 /* CategoryRepositoryTests.swift */ = {isa = PBXFileReference; lastKnownFileType = sourcecode.swift; path = CategoryRepositoryTests.swift; sourceTree = "<group>"; };
		C1D2E3F4A5B6000CC1D2E3F4 /* ExpenseRepositoryTests.swift */ = {isa = PBXFileReference; lastKnownFileType = sourcecode.swift; path = ExpenseRepositoryTests.swift; sourceTree = "<group>"; };
		C1D2E3F4A5B6000DC1D2E3F4 /* Int64CurrencyTests.swift */ = {isa = PBXFileReference; lastKnownFileType = sourcecode.swift; path = Int64CurrencyTests.swift; sourceTree = "<group>"; };
		D1E2F3A4B5C60101 /* ExpenseEntryViewModel.swift */ = {isa = PBXFileReference; lastKnownFileType = sourcecode.swift; path = ExpenseEntryViewModel.swift; sourceTree = "<group>"; };
		D1E2F3A4B5C60102 /* AmountDisplayView.swift */ = {isa = PBXFileReference; lastKnownFileType = sourcecode.swift; path = AmountDisplayView.swift; sourceTree = "<group>"; };
		D1E2F3A4B5C60103 /* NumpadView.swift */ = {isa = PBXFileReference; lastKnownFileType = sourcecode.swift; path = NumpadView.swift; sourceTree = "<group>"; };
		D1E2F3A4B5C60104 /* ExpenseEntryViewModelTests.swift */ = {isa = PBXFileReference; lastKnownFileType = sourcecode.swift; path = ExpenseEntryViewModelTests.swift; sourceTree = "<group>"; };
		D57117F16301239161D65B9E /* CashOutTests.xctest */ = {isa = PBXFileReference; includeInIndex = 0; lastKnownFileType = wrapper.cfbundle; path = CashOutTests.xctest; sourceTree = BUILT_PRODUCTS_DIR; };
		DF6AF7D9C39F8651CC9B29D5 /* SettingsView.swift */ = {isa = PBXFileReference; includeInIndex = 1; lastKnownFileType = sourcecode.swift; path = SettingsView.swift; sourceTree = "<group>"; };
		E1F2A3B4C5D60201E1F2A3B4 /* CategoryPickerView.swift */ = {isa = PBXFileReference; lastKnownFileType = sourcecode.swift; path = CategoryPickerView.swift; sourceTree = "<group>"; };
		E1F2A3B4C5D60202E1F2A3B4 /* NoteEntrySheet.swift */ = {isa = PBXFileReference; lastKnownFileType = sourcecode.swift; path = NoteEntrySheet.swift; sourceTree = "<group>"; };
		E1F2A3B4C5D60203E1F2A3B4 /* SaveButtonView.swift */ = {isa = PBXFileReference; lastKnownFileType = sourcecode.swift; path = SaveButtonView.swift; sourceTree = "<group>"; };
		E633E5716F4D140FB5FA20A7 /* AppDelegate.swift */ = {isa = PBXFileReference; lastKnownFileType = sourcecode.swift; path = AppDelegate.swift; sourceTree = "<group>"; };
		F0AF4C3E7DFCE872871D084A /* CashOutApp.swift */ = {isa = PBXFileReference; lastKnownFileType = sourcecode.swift; path = CashOutApp.swift; sourceTree = "<group>"; };
		F1A2B3C4D5E60301F1A2B3C4 /* MockCategoryRepository.swift */ = {isa = PBXFileReference; lastKnownFileType = sourcecode.swift; path = MockCategoryRepository.swift; sourceTree = "<group>"; };
		F1A2B3C4D5E60302F1A2B3C4 /* MockExpenseRepository.swift */ = {isa = PBXFileReference; lastKnownFileType = sourcecode.swift; path = MockExpenseRepository.swift; sourceTree = "<group>"; };
		F66C8939ADD473080B92C0BF /* Category+CoreDataClass.swift */ = {isa = PBXFileReference; lastKnownFileType = sourcecode.swift; path = "Category+CoreDataClass.swift"; sourceTree = "<group>"; };
		F87D1F8C128972F26A734955 /* CloudSharingSheet.swift */ = {isa = PBXFileReference; includeInIndex = 1; lastKnownFileType = sourcecode.swift; path = CloudSharingSheet.swift; sourceTree = "<group>"; };
		FB95C1BC0B1661A70F1E16D9 /* Info.plist */ = {isa = PBXFileReference; lastKnownFileType = text.plist; path = Info.plist; sourceTree = "<group>"; };
		FC2F5586AE7BDD3457264666 /* CashOut.xcdatamodel */ = {isa = PBXFileReference; lastKnownFileType = wrapper.xcdatamodel; path = CashOut.xcdatamodel; sourceTree = "<group>"; };
		G1H2I3J4K5L60701G1H2I3J4 /* HapticService.swift */ = {isa = PBXFileReference; lastKnownFileType = sourcecode.swift; path = HapticService.swift; sourceTree = "<group>"; };
		G1H2I3J4K5L60702G1H2I3J4 /* MockHapticService.swift */ = {isa = PBXFileReference; lastKnownFileType = sourcecode.swift; path = MockHapticService.swift; sourceTree = "<group>"; };
		H1I2J3K4L5M60801H1I2J3K4 /* Date+Formatting.swift */ = {isa = PBXFileReference; lastKnownFileType = sourcecode.swift; path = "Date+Formatting.swift"; sourceTree = "<group>"; };
		H1I2J3K4L5M60802H1I2J3K4 /* FeedViewModel.swift */ = {isa = PBXFileReference; lastKnownFileType = sourcecode.swift; path = FeedViewModel.swift; sourceTree = "<group>"; };
		H1I2J3K4L5M60803H1I2J3K4 /* FeedRowView.swift */ = {isa = PBXFileReference; lastKnownFileType = sourcecode.swift; path = FeedRowView.swift; sourceTree = "<group>"; };
		H1I2J3K4L5M60804H1I2J3K4 /* FeedViewModelTests.swift */ = {isa = PBXFileReference; lastKnownFileType = sourcecode.swift; path = FeedViewModelTests.swift; sourceTree = "<group>"; };
		I1J2K3L4M5N60901I1J2K3L4 /* FloatingAddButton.swift */ = {isa = PBXFileReference; lastKnownFileType = sourcecode.swift; path = FloatingAddButton.swift; sourceTree = "<group>"; };
		J1K2L3M4N5O60A01 /* EditExpenseViewModel.swift */ = {isa = PBXFileReference; lastKnownFileType = sourcecode.swift; path = EditExpenseViewModel.swift; sourceTree = "<group>"; };
		J1K2L3M4N5O60A02 /* EditExpenseSheet.swift */ = {isa = PBXFileReference; lastKnownFileType = sourcecode.swift; path = EditExpenseSheet.swift; sourceTree = "<group>"; };
		J1K2L3M4N5O60A03 /* EditExpenseViewModelTests.swift */ = {isa = PBXFileReference; lastKnownFileType = sourcecode.swift; path = EditExpenseViewModelTests.swift; sourceTree = "<group>"; };
		K1L2M3N4O5P60B01 /* InsightsViewModel.swift */ = {isa = PBXFileReference; lastKnownFileType = sourcecode.swift; path = InsightsViewModel.swift; sourceTree = "<group>"; };
		K1L2M3N4O5P60B02 /* InsightsViewModelTests.swift */ = {isa = PBXFileReference; lastKnownFileType = sourcecode.swift; path = InsightsViewModelTests.swift; sourceTree = "<group>"; };
		L1M2N3O4P5Q60C01 /* InsightsSummaryView.swift */ = {isa = PBXFileReference; lastKnownFileType = sourcecode.swift; path = InsightsSummaryView.swift; sourceTree = "<group>"; };
		L1M2N3O4P5Q60C02 /* FilteredFeedView.swift */ = {isa = PBXFileReference; lastKnownFileType = sourcecode.swift; path = FilteredFeedView.swift; sourceTree = "<group>"; };
		L1M2N3O4P5Q60C03 /* DailyBarChartView.swift */ = {isa = PBXFileReference; lastKnownFileType = sourcecode.swift; path = DailyBarChartView.swift; sourceTree = "<group>"; };
		L1M2N3O4P5Q60C04 /* CategoryBreakdownView.swift */ = {isa = PBXFileReference; lastKnownFileType = sourcecode.swift; path = CategoryBreakdownView.swift; sourceTree = "<group>"; };
		M1N2O3P4Q5R60D01M1N2O3P4 /* SyncMonitorService.swift */ = {isa = PBXFileReference; lastKnownFileType = sourcecode.swift; path = SyncMonitorService.swift; sourceTree = "<group>"; };
		M1N2O3P4Q5R60D02M1N2O3P4 /* MockSyncMonitorService.swift */ = {isa = PBXFileReference; lastKnownFileType = sourcecode.swift; path = MockSyncMonitorService.swift; sourceTree = "<group>"; };
		N1O2P3Q4R5S60E01N1O2P3Q4 /* SyncStatusIndicator.swift */ = {isa = PBXFileReference; lastKnownFileType = sourcecode.swift; path = SyncStatusIndicator.swift; sourceTree = "<group>"; };
		O1P2Q3R4S5T60F01O1P2Q3R4 /* ICloudBannerView.swift */ = {isa = PBXFileReference; lastKnownFileType = sourcecode.swift; path = ICloudBannerView.swift; sourceTree = "<group>"; };
		P1Q2R3S4T5U60G01P1Q2R3S4 /* SyncMonitorServiceTests.swift */ = {isa = PBXFileReference; lastKnownFileType = sourcecode.swift; path = SyncMonitorServiceTests.swift; sourceTree = "<group>"; };
		R1S2T3U4V5W60I01R1S2T3U4 /* CategoryRowView.swift */ = {isa = PBXFileReference; lastKnownFileType = sourcecode.swift; path = CategoryRowView.swift; sourceTree = "<group>"; };
		T2U3V4W5X6Y70K01T2U3V4W5 /* CategoryManagementView.swift */ = {isa = PBXFileReference; lastKnownFileType = sourcecode.swift; path = CategoryManagementView.swift; sourceTree = "<group>"; };
/* End PBXFileReference section */

/* Begin PBXGroup section */
		1149CC34C7542A8F65EF42B0 /* Settings */ = {
			isa = PBXGroup;
			children = (
				T2U3V4W5X6Y70K01T2U3V4W5 /* CategoryManagementView.swift */,
				R1S2T3U4V5W60I01R1S2T3U4 /* CategoryRowView.swift */,
				F87D1F8C128972F26A734955 /* CloudSharingSheet.swift */,
				DF6AF7D9C39F8651CC9B29D5 /* SettingsView.swift */,
			);
			path = Settings;
			sourceTree = "<group>";
		};
		20D355AFE9504CE67821DCE3 /* CashOutUITests */ = {
			isa = PBXGroup;
			children = (
				56E47D265877422A4C4C574A /* CashOutUITests.swift */,
				5D63F6B24BAF5CB941FE4A06 /* CashOutUITestsLaunchTests.swift */,
			);
			path = CashOutUITests;
			sourceTree = "<group>";
		};
		45ED82BDB642B1D334D48513 /* Services */ = {
			isa = PBXGroup;
			children = (
				A1B2C3D4E5F60718A1B2C3D5 /* AuthenticationService.swift */,
				B93CA7B942BC85758641FA13 /* CloudSharingService.swift */,
				G1H2I3J4K5L60701G1H2I3J4 /* HapticService.swift */,
				9727F81F696E1B13C570B543 /* PersistenceController.swift */,
				M1N2O3P4Q5R60D01M1N2O3P4 /* SyncMonitorService.swift */,
			);
			path = Services;
			sourceTree = "<group>";
		};
		54912EA1B154ADA085DFB17A = {
			isa = PBXGroup;
			children = (
				DF9BE26F2899676F2FDA7E25 /* CashOut */,
				9870D4F000C7755A771F808D /* CashOutTests */,
				20D355AFE9504CE67821DCE3 /* CashOutUITests */,
				E45F41D8E0828F00F3E49099 /* Products */,
			);
			sourceTree = "<group>";
		};
		584DD0EC6E53E1233669D935 /* App */ = {
			isa = PBXGroup;
			children = (
				E633E5716F4D140FB5FA20A7 /* AppDelegate.swift */,
				F0AF4C3E7DFCE872871D084A /* CashOutApp.swift */,
				3E9EFA06CBD5754CC782E9DF /* ContentView.swift */,
			);
			path = App;
			sourceTree = "<group>";
		};
		9474A916B72794BA91DBAE18 /* Utilities */ = {
			isa = PBXGroup;
			children = (
				C1D2E3F4A5B60004C1D2E3F4 /* Constants.swift */,
				U3V4W5X6Y7Z80K02U3V4W5X6 /* DesignTokens.swift */,
				C1D2E3F4A5B60022C1D2E3F4 /* Extensions */,
			);
			path = Utilities;
			sourceTree = "<group>";
		};
		9870D4F000C7755A771F808D /* CashOutTests */ = {
			isa = PBXGroup;
			children = (
				6C03FD3DF779E759B6D1D285 /* CashOutTests.swift */,
				C1D2E3F4A5B60025C1D2E3F4 /* Extensions */,
				C1D2E3F4A5B60023C1D2E3F4 /* Helpers */,
				C1D2E3F4A5B60024C1D2E3F4 /* Repositories */,
				A1B2C3D4E5F60718A1B2C3E2 /* Services */,
				A1B2C3D4E5F60718A1B2C3E3 /* ViewModels */,
			);
			path = CashOutTests;
			sourceTree = "<group>";
		};
		A1B2C3D4E5F60718A1B2C3E0 /* ViewModels */ = {
			isa = PBXGroup;
			children = (
				A1B2C3D4E5F60718A1B2C3D7 /* AuthenticationViewModel.swift */,
				J1K2L3M4N5O60A01 /* EditExpenseViewModel.swift */,
				D1E2F3A4B5C60101 /* ExpenseEntryViewModel.swift */,
				H1I2J3K4L5M60802H1I2J3K4 /* FeedViewModel.swift */,
				K1L2M3N4O5P60B01 /* InsightsViewModel.swift */,
				8CDFDD4BAAFD33EB669B30F6 /* SettingsViewModel.swift */,
			);
			path = ViewModels;
			sourceTree = "<group>";
		};
		A1B2C3D4E5F60718A1B2C3E1 /* Auth */ = {
			isa = PBXGroup;
			children = (
				A1B2C3D4E5F60718A1B2C3D9 /* SignInView.swift */,
			);
			path = Auth;
			sourceTree = "<group>";
		};
		A1B2C3D4E5F60718A1B2C3E2 /* Services */ = {
			isa = PBXGroup;
			children = (
				A1B2C3D4E5F60718A1B2C3DD /* AuthenticationServiceTests.swift */,
				A1B2C3D4E5F60718A1B2C3DB /* MockAuthenticationService.swift */,
				4DB2A11678CBB0A4FE4F186F /* MockCloudSharingService.swift */,
				G1H2I3J4K5L60702G1H2I3J4 /* MockHapticService.swift */,
				M1N2O3P4Q5R60D02M1N2O3P4 /* MockSyncMonitorService.swift */,
				P1Q2R3S4T5U60G01P1Q2R3S4 /* SyncMonitorServiceTests.swift */,
			);
			path = Services;
			sourceTree = "<group>";
		};
		A1B2C3D4E5F60718A1B2C3E3 /* ViewModels */ = {
			isa = PBXGroup;
			children = (
				A1B2C3D4E5F60718A1B2C3DF /* AuthenticationViewModelTests.swift */,
				J1K2L3M4N5O60A03 /* EditExpenseViewModelTests.swift */,
				D1E2F3A4B5C60104 /* ExpenseEntryViewModelTests.swift */,
				H1I2J3K4L5M60804H1I2J3K4 /* FeedViewModelTests.swift */,
				8ACDE04A8C824DC4B54F3F0A /* FeedViewModelSharingTests.swift */,
				K1L2M3N4O5P60B02 /* InsightsViewModelTests.swift */,
				85EF3A66719955A8ECD9748F /* SettingsViewModelTests.swift */,
			);
			path = ViewModels;
			sourceTree = "<group>";
		};
		B1C2D3E4F5061829B1C2D3E7 /* Entry */ = {
			isa = PBXGroup;
			children = (
				D1E2F3A4B5C60102 /* AmountDisplayView.swift */,
				E1F2A3B4C5D60201E1F2A3B4 /* CategoryPickerView.swift */,
				B1C2D3E4F5061829B1C2D3E1 /* EntryView.swift */,
				E1F2A3B4C5D60202E1F2A3B4 /* NoteEntrySheet.swift */,
				D1E2F3A4B5C60103 /* NumpadView.swift */,
				E1F2A3B4C5D60203E1F2A3B4 /* SaveButtonView.swift */,
			);
			path = Entry;
			sourceTree = "<group>";
		};
		B1C2D3E4F5061829B1C2D3E8 /* Feed */ = {
			isa = PBXGroup;
			children = (
				J1K2L3M4N5O60A02 /* EditExpenseSheet.swift */,
				H1I2J3K4L5M60803H1I2J3K4 /* FeedRowView.swift */,
				B1C2D3E4F5061829B1C2D3E3 /* FeedView.swift */,
				I1J2K3L4M5N60901I1J2K3L4 /* FloatingAddButton.swift */,
			);
			path = Feed;
			sourceTree = "<group>";
		};
		B1C2D3E4F5061829B1C2D3E9 /* Insights */ = {
			isa = PBXGroup;
			children = (
				L1M2N3O4P5Q60C04 /* CategoryBreakdownView.swift */,
				L1M2N3O4P5Q60C03 /* DailyBarChartView.swift */,
				L1M2N3O4P5Q60C02 /* FilteredFeedView.swift */,
				B1C2D3E4F5061829B1C2D3E5 /* InsightsView.swift */,
				L1M2N3O4P5Q60C01 /* InsightsSummaryView.swift */,
			);
			path = Insights;
			sourceTree = "<group>";
		};
		BA3899836D46465D6E5929F9 /* Models */ = {
			isa = PBXGroup;
			children = (
				1220D06E7CDAED7C785E2D19 /* CashOut.xcdatamodeld */,
				F66C8939ADD473080B92C0BF /* Category+CoreDataClass.swift */,
				53DA7BD102204E62B0278D53 /* Category+CoreDataProperties.swift */,
				C1D2E3F4A5B60001C1D2E3F4 /* CategoryData.swift */,
				BE6F78FE1D93413024062EBE /* Expense+CoreDataClass.swift */,
				121674B557835F802877762E /* Expense+CoreDataProperties.swift */,
				C1D2E3F4A5B60002C1D2E3F4 /* ExpenseData.swift */,
			);
			path = Models;
			sourceTree = "<group>";
		};
		C1D2E3F4A5B60021C1D2E3F4 /* Repositories */ = {
			isa = PBXGroup;
			children = (
				C1D2E3F4A5B60007C1D2E3F4 /* CategoryRepository.swift */,
				C1D2E3F4A5B60006C1D2E3F4 /* CategoryRepositoryProtocol.swift */,
				C1D2E3F4A5B60009C1D2E3F4 /* ExpenseRepository.swift */,
				C1D2E3F4A5B60008C1D2E3F4 /* ExpenseRepositoryProtocol.swift */,
			);
			path = Repositories;
			sourceTree = "<group>";
		};
		C1D2E3F4A5B60022C1D2E3F4 /* Extensions */ = {
			isa = PBXGroup;
			children = (
				C1D2E3F4A5B60003C1D2E3F4 /* Color+CategoryTokens.swift */,
				H1I2J3K4L5M60801H1I2J3K4 /* Date+Formatting.swift */,
				C1D2E3F4A5B60005C1D2E3F4 /* Int64+Currency.swift */,
				913246BA79EDB79F5EE93766 /* Bundle+Version.swift */,
			);
			path = Extensions;
			sourceTree = "<group>";
		};
		C1D2E3F4A5B60023C1D2E3F4 /* Helpers */ = {
			isa = PBXGroup;
			children = (
				C1D2E3F4A5B6000AC1D2E3F4 /* TestPersistenceHelper.swift */,
			);
			path = Helpers;
			sourceTree = "<group>";
		};
		C1D2E3F4A5B60024C1D2E3F4 /* Repositories */ = {
			isa = PBXGroup;
			children = (
				C1D2E3F4A5B6000BC1D2E3F4 /* CategoryRepositoryTests.swift */,
				C1D2E3F4A5B6000CC1D2E3F4 /* ExpenseRepositoryTests.swift */,
				3FA5C09A57894CF0B96741CA /* ExpenseRepositorySharingTests.swift */,
				F1A2B3C4D5E60301F1A2B3C4 /* MockCategoryRepository.swift */,
				F1A2B3C4D5E60302F1A2B3C4 /* MockExpenseRepository.swift */,
			);
			path = Repositories;
			sourceTree = "<group>";
		};
		C1D2E3F4A5B60025C1D2E3F4 /* Extensions */ = {
			isa = PBXGroup;
			children = (
				C1D2E3F4A5B6000DC1D2E3F4 /* Int64CurrencyTests.swift */,
			);
			path = Extensions;
			sourceTree = "<group>";
		};
		DF9BE26F2899676F2FDA7E25 /* CashOut */ = {
			isa = PBXGroup;
			children = (
				AB06BAEA67571D4668ABE7C9 /* Assets.xcassets */,
				78000E55607C66EBF7E6B0BF /* CashOut.entitlements */,
				FB95C1BC0B1661A70F1E16D9 /* Info.plist */,
				584DD0EC6E53E1233669D935 /* App */,
				BA3899836D46465D6E5929F9 /* Models */,
				C1D2E3F4A5B60021C1D2E3F4 /* Repositories */,
				45ED82BDB642B1D334D48513 /* Services */,
				9474A916B72794BA91DBAE18 /* Utilities */,
				A1B2C3D4E5F60718A1B2C3E0 /* ViewModels */,
				E2D8EE5F7A8B4BF6B1ADCC68 /* Views */,
			);
			path = CashOut;
			sourceTree = "<group>";
		};
		E2D8EE5F7A8B4BF6B1ADCC68 /* Views */ = {
			isa = PBXGroup;
			children = (
				A1B2C3D4E5F60718A1B2C3E1 /* Auth */,
				N1O2P3Q4R5S60E21N1O2P3Q4 /* Components */,
				B1C2D3E4F5061829B1C2D3E7 /* Entry */,
				B1C2D3E4F5061829B1C2D3E8 /* Feed */,
				B1C2D3E4F5061829B1C2D3E9 /* Insights */,
				1149CC34C7542A8F65EF42B0 /* Settings */,
			);
			path = Views;
			sourceTree = "<group>";
		};
		E45F41D8E0828F00F3E49099 /* Products */ = {
			isa = PBXGroup;
			children = (
				0AB9D69562FE66A2BDE1AD23 /* CashOut.app */,
				D57117F16301239161D65B9E /* CashOutTests.xctest */,
				228F359DF75142AB62690D88 /* CashOutUITests.xctest */,
			);
			name = Products;
			sourceTree = "<group>";
		};
		N1O2P3Q4R5S60E21N1O2P3Q4 /* Components */ = {
			isa = PBXGroup;
			children = (
				O1P2Q3R4S5T60F01O1P2Q3R4 /* ICloudBannerView.swift */,
				N1O2P3Q4R5S60E01N1O2P3Q4 /* SyncStatusIndicator.swift */,
			);
			path = Components;
			sourceTree = "<group>";
		};
/* End PBXGroup section */

/* Begin PBXNativeTarget section */
		A8BA2B94919C0ACF276EEA62 /* CashOut */ = {
			isa = PBXNativeTarget;
			buildConfigurationList = 5DE199DFD831BE6D6E90DF56 /* Build configuration list for PBXNativeTarget "CashOut" */;
			buildPhases = (
				740FE48E4FEABBA90EF5E202 /* Sources */,
				74252E832F8628026ACEECB4 /* Resources */,
			);
			buildRules = (
			);
			dependencies = (
			);
			name = CashOut;
			productName = CashOut;
			productReference = 0AB9D69562FE66A2BDE1AD23 /* CashOut.app */;
			productType = "com.apple.product-type.application";
		};
		AB48A708C366CE556484FDC9 /* CashOutTests */ = {
			isa = PBXNativeTarget;
			buildConfigurationList = 201CD52C78EB4954643A20FC /* Build configuration list for PBXNativeTarget "CashOutTests" */;
			buildPhases = (
				22F98A8B3D3C71D59D5010F0 /* Sources */,
			);
			buildRules = (
			);
			dependencies = (
				0466819C01775754AF4442E3 /* PBXTargetDependency */,
			);
			name = CashOutTests;
			productName = CashOutTests;
			productReference = D57117F16301239161D65B9E /* CashOutTests.xctest */;
			productType = "com.apple.product-type.bundle.unit-test";
		};
		BB9A3FC2E5C746AB7E6054C8 /* CashOutUITests */ = {
			isa = PBXNativeTarget;
			buildConfigurationList = 648AEBE6FABC5ADD3764D405 /* Build configuration list for PBXNativeTarget "CashOutUITests" */;
			buildPhases = (
				69A4F0F4DF645D522F6A2644 /* Sources */,
			);
			buildRules = (
			);
			dependencies = (
				8031BE8BA1E67D5332716FE4 /* PBXTargetDependency */,
			);
			name = CashOutUITests;
			productName = CashOutUITests;
			productReference = 228F359DF75142AB62690D88 /* CashOutUITests.xctest */;
			productType = "com.apple.product-type.bundle.ui-testing";
		};
/* End PBXNativeTarget section */

/* Begin PBXProject section */
		9AE90AB258B40A18F1ADF3BB /* Project object */ = {
			isa = PBXProject;
			attributes = {
				BuildIndependentTargetsInParallel = YES;
				LastUpgradeCheck = 1430;
				TargetAttributes = {
					A8BA2B94919C0ACF276EEA62 = {
						ProvisioningStyle = Automatic;
					};
					BB9A3FC2E5C746AB7E6054C8 = {
						TestTargetID = A8BA2B94919C0ACF276EEA62;
					};
				};
			};
			buildConfigurationList = 1393FA69445F45C1ECD790C9 /* Build configuration list for PBXProject "CashOut" */;
			compatibilityVersion = "Xcode 14.0";
			developmentRegion = en;
			hasScannedForEncodings = 0;
			knownRegions = (
				Base,
				en,
			);
			mainGroup = 54912EA1B154ADA085DFB17A;
			minimizedProjectReferenceProxies = 1;
			productRefGroup = E45F41D8E0828F00F3E49099 /* Products */;
			projectDirPath = "";
			projectRoot = "";
			targets = (
				A8BA2B94919C0ACF276EEA62 /* CashOut */,
				AB48A708C366CE556484FDC9 /* CashOutTests */,
				BB9A3FC2E5C746AB7E6054C8 /* CashOutUITests */,
			);
		};
/* End PBXProject section */

/* Begin PBXResourcesBuildPhase section */
		74252E832F8628026ACEECB4 /* Resources */ = {
			isa = PBXResourcesBuildPhase;
			buildActionMask = 2147483647;
			files = (
				C1217C5E650CA41F443A3640 /* Assets.xcassets in Resources */,
			);
			runOnlyForDeploymentPostprocessing = 0;
		};
/* End PBXResourcesBuildPhase section */

/* Begin PBXSourcesBuildPhase section */
		22F98A8B3D3C71D59D5010F0 /* Sources */ = {
			isa = PBXSourcesBuildPhase;
			buildActionMask = 2147483647;
			files = (
				A1B2C3D4E5F60718A1B2C3DC /* AuthenticationServiceTests.swift in Sources */,
				A1B2C3D4E5F60718A1B2C3DE /* AuthenticationViewModelTests.swift in Sources */,
				153E0DEA326A83544928E75A /* CashOutTests.swift in Sources */,
				A1B2C3D4E5F60718A1B2C3DA /* MockAuthenticationService.swift in Sources */,
				C1D2E3F4A5B6001AC1D2E3F4 /* TestPersistenceHelper.swift in Sources */,
				C1D2E3F4A5B6001BC1D2E3F4 /* CategoryRepositoryTests.swift in Sources */,
				C1D2E3F4A5B6001CC1D2E3F4 /* ExpenseRepositoryTests.swift in Sources */,
				C1D2E3F4A5B6001DC1D2E3F4 /* Int64CurrencyTests.swift in Sources */,
				D1E2F3A4B5C60114 /* ExpenseEntryViewModelTests.swift in Sources */,
				F1A2B3C4D5E60311F1A2B3C4 /* MockCategoryRepository.swift in Sources */,
				F1A2B3C4D5E60312F1A2B3C4 /* MockExpenseRepository.swift in Sources */,
				G1H2I3J4K5L60712G1H2I3J4 /* MockHapticService.swift in Sources */,
				H1I2J3K4L5M60814H1I2J3K4 /* FeedViewModelTests.swift in Sources */,
				BD415C870533494D8A462A66 /* FeedViewModelSharingTests.swift in Sources */,
				498E2B5BCEDD4FDFAF14120D /* ExpenseRepositorySharingTests.swift in Sources */,
				J1K2L3M4N5O60A13 /* EditExpenseViewModelTests.swift in Sources */,
				K1L2M3N4O5P60B12 /* InsightsViewModelTests.swift in Sources */,
				C323186B69203CC8485DB559 /* MockCloudSharingService.swift in Sources */,
				2750E955A1E2731C4B5E8321 /* SettingsViewModelTests.swift in Sources */,
				M1N2O3P4Q5R60D12M1N2O3P4 /* MockSyncMonitorService.swift in Sources */,
				P1Q2R3S4T5U60G11P1Q2R3S4 /* SyncMonitorServiceTests.swift in Sources */,
			);
			runOnlyForDeploymentPostprocessing = 0;
		};
		69A4F0F4DF645D522F6A2644 /* Sources */ = {
			isa = PBXSourcesBuildPhase;
			buildActionMask = 2147483647;
			files = (
				2E8D0B277039C0B5F2086BE8 /* CashOutUITests.swift in Sources */,
				CE0F7A7346704A2E853F35DB /* CashOutUITestsLaunchTests.swift in Sources */,
			);
			runOnlyForDeploymentPostprocessing = 0;
		};
		740FE48E4FEABBA90EF5E202 /* Sources */ = {
			isa = PBXSourcesBuildPhase;
			buildActionMask = 2147483647;
			files = (
				973CA059EE0ABF8FD8E660D2 /* AppDelegate.swift in Sources */,
				A1B2C3D4E5F60718A1B2C3D4 /* AuthenticationService.swift in Sources */,
				A1B2C3D4E5F60718A1B2C3D6 /* AuthenticationViewModel.swift in Sources */,
				7DD905A08B1776BF9F570222 /* CashOut.xcdatamodeld in Sources */,
				1427B370ADC3A495B615546B /* CashOutApp.swift in Sources */,
				54D174F9E2C240C0B83279C7 /* Category+CoreDataClass.swift in Sources */,
				5102D72F0BDE092FC9D42DA0 /* Category+CoreDataProperties.swift in Sources */,
				85E20F790EF30AB6FCFBCD36 /* ContentView.swift in Sources */,
				B1C2D3E4F5061829B1C2D3E2 /* EntryView.swift in Sources */,
				D8603C613DDB5F138D3CBF76 /* Expense+CoreDataClass.swift in Sources */,
				A9EC672858AA8781D85C18BD /* Expense+CoreDataProperties.swift in Sources */,
				B1C2D3E4F5061829B1C2D3E4 /* FeedView.swift in Sources */,
				B1C2D3E4F5061829B1C2D3E6 /* InsightsView.swift in Sources */,
				308A95AE3C8416E2C787B499 /* PersistenceController.swift in Sources */,
				A1B2C3D4E5F60718A1B2C3D8 /* SignInView.swift in Sources */,
				C1D2E3F4A5B60011C1D2E3F4 /* CategoryData.swift in Sources */,
				C1D2E3F4A5B60012C1D2E3F4 /* ExpenseData.swift in Sources */,
				C1D2E3F4A5B60013C1D2E3F4 /* Color+CategoryTokens.swift in Sources */,
				C1D2E3F4A5B60014C1D2E3F4 /* Constants.swift in Sources */,
				U3V4W5X6Y7Z80K01U3V4W5X6 /* DesignTokens.swift in Sources */,
				C1D2E3F4A5B60015C1D2E3F4 /* Int64+Currency.swift in Sources */,
				C1D2E3F4A5B60016C1D2E3F4 /* CategoryRepositoryProtocol.swift in Sources */,
				C1D2E3F4A5B60017C1D2E3F4 /* CategoryRepository.swift in Sources */,
				C1D2E3F4A5B60018C1D2E3F4 /* ExpenseRepositoryProtocol.swift in Sources */,
				C1D2E3F4A5B60019C1D2E3F4 /* ExpenseRepository.swift in Sources */,
				D1E2F3A4B5C60111 /* ExpenseEntryViewModel.swift in Sources */,
				D1E2F3A4B5C60112 /* AmountDisplayView.swift in Sources */,
				E1F2A3B4C5D60211E1F2A3B4 /* CategoryPickerView.swift in Sources */,
				E1F2A3B4C5D60212E1F2A3B4 /* NoteEntrySheet.swift in Sources */,
				D1E2F3A4B5C60113 /* NumpadView.swift in Sources */,
				E1F2A3B4C5D60213E1F2A3B4 /* SaveButtonView.swift in Sources */,
				G1H2I3J4K5L60711G1H2I3J4 /* HapticService.swift in Sources */,
				H1I2J3K4L5M60811H1I2J3K4 /* Date+Formatting.swift in Sources */,
				H1I2J3K4L5M60812H1I2J3K4 /* FeedViewModel.swift in Sources */,
				H1I2J3K4L5M60813H1I2J3K4 /* FeedRowView.swift in Sources */,
				I1J2K3L4M5N60911I1J2K3L4 /* FloatingAddButton.swift in Sources */,
				J1K2L3M4N5O60A11 /* EditExpenseViewModel.swift in Sources */,
				J1K2L3M4N5O60A12 /* EditExpenseSheet.swift in Sources */,
				K1L2M3N4O5P60B11 /* InsightsViewModel.swift in Sources */,
				L1M2N3O4P5Q60C11 /* InsightsSummaryView.swift in Sources */,
				L1M2N3O4P5Q60C12 /* FilteredFeedView.swift in Sources */,
				L1M2N3O4P5Q60C13 /* DailyBarChartView.swift in Sources */,
				L1M2N3O4P5Q60C14 /* CategoryBreakdownView.swift in Sources */,
				58F63A265A39C74CC4892789 /* CloudSharingService.swift in Sources */,
				7534A13FDB756C9740234BF7 /* CloudSharingSheet.swift in Sources */,
				C8E0A2FDAAB606456BD2E594 /* SettingsView.swift in Sources */,
				F57145CC7AF2B512474D364D /* SettingsViewModel.swift in Sources */,
				B483D9DD79CB54CBA920091B /* Bundle+Version.swift in Sources */,
				M1N2O3P4Q5R60D11M1N2O3P4 /* SyncMonitorService.swift in Sources */,
				N1O2P3Q4R5S60E11N1O2P3Q4 /* SyncStatusIndicator.swift in Sources */,
				O1P2Q3R4S5T60F11O1P2Q3R4 /* ICloudBannerView.swift in Sources */,
				Q1R2S3T4U5V60H01Q1R2S3T4 /* CategoryRowView.swift in Sources */,
				S2T3U4V5W6X70J01S2T3U4V5 /* CategoryManagementView.swift in Sources */,
			);
			runOnlyForDeploymentPostprocessing = 0;
		};
/* End PBXSourcesBuildPhase section */

/* Begin PBXTargetDependency section */
		0466819C01775754AF4442E3 /* PBXTargetDependency */ = {
			isa = PBXTargetDependency;
			target = A8BA2B94919C0ACF276EEA62 /* CashOut */;
			targetProxy = 4AAA4AC44F7D27FF73733FE4 /* PBXContainerItemProxy */;
		};
		8031BE8BA1E67D5332716FE4 /* PBXTargetDependency */ = {
			isa = PBXTargetDependency;
			target = A8BA2B94919C0ACF276EEA62 /* CashOut */;
			targetProxy = FB6935BA93E63E2D62CFB2D9 /* PBXContainerItemProxy */;
		};
/* End PBXTargetDependency section */

/* Begin XCBuildConfiguration section */
		1AFAB61C9ED2C4D9A1438A94 /* Release */ = {
			isa = XCBuildConfiguration;
			buildSettings = {
				ALWAYS_SEARCH_USER_PATHS = NO;
				CLANG_ANALYZER_NONNULL = YES;
				CLANG_ANALYZER_NUMBER_OBJECT_CONVERSION = YES_AGGRESSIVE;
				CLANG_CXX_LANGUAGE_STANDARD = "gnu++14";
				CLANG_CXX_LIBRARY = "libc++";
				CLANG_ENABLE_MODULES = YES;
				CLANG_ENABLE_OBJC_ARC = YES;
				CLANG_ENABLE_OBJC_WEAK = YES;
				CLANG_WARN_BLOCK_CAPTURE_AUTORELEASING = YES;
				CLANG_WARN_BOOL_CONVERSION = YES;
				CLANG_WARN_COMMA = YES;
				CLANG_WARN_CONSTANT_CONVERSION = YES;
				CLANG_WARN_DEPRECATED_OBJC_IMPLEMENTATIONS = YES;
				CLANG_WARN_DIRECT_OBJC_ISA_USAGE = YES_ERROR;
				CLANG_WARN_DOCUMENTATION_COMMENTS = YES;
				CLANG_WARN_EMPTY_BODY = YES;
				CLANG_WARN_ENUM_CONVERSION = YES;
				CLANG_WARN_INFINITE_RECURSION = YES;
				CLANG_WARN_INT_CONVERSION = YES;
				CLANG_WARN_NON_LITERAL_NULL_CONVERSION = YES;
				CLANG_WARN_OBJC_IMPLICIT_RETAIN_SELF = YES;
				CLANG_WARN_OBJC_LITERAL_CONVERSION = YES;
				CLANG_WARN_OBJC_ROOT_CLASS = YES_ERROR;
				CLANG_WARN_QUOTED_INCLUDE_IN_FRAMEWORK_HEADER = YES;
				CLANG_WARN_RANGE_LOOP_ANALYSIS = YES;
				CLANG_WARN_STRICT_PROTOTYPES = YES;
				CLANG_WARN_SUSPICIOUS_MOVE = YES;
				CLANG_WARN_UNGUARDED_AVAILABILITY = YES_AGGRESSIVE;
				CLANG_WARN_UNREACHABLE_CODE = YES;
				CLANG_WARN__DUPLICATE_METHOD_MATCH = YES;
				COPY_PHASE_STRIP = NO;
				DEBUG_INFORMATION_FORMAT = "dwarf-with-dsym";
				ENABLE_NS_ASSERTIONS = NO;
				ENABLE_STRICT_OBJC_MSGSEND = YES;
				GCC_C_LANGUAGE_STANDARD = gnu11;
				GCC_NO_COMMON_BLOCKS = YES;
				GCC_WARN_64_TO_32_BIT_CONVERSION = YES;
				GCC_WARN_ABOUT_RETURN_TYPE = YES_ERROR;
				GCC_WARN_UNDECLARED_SELECTOR = YES;
				GCC_WARN_UNINITIALIZED_AUTOS = YES_AGGRESSIVE;
				GCC_WARN_UNUSED_FUNCTION = YES;
				GCC_WARN_UNUSED_VARIABLE = YES;
				IPHONEOS_DEPLOYMENT_TARGET = 26.0;
				MTL_ENABLE_DEBUG_INFO = NO;
				MTL_FAST_MATH = YES;
				PRODUCT_NAME = "$(TARGET_NAME)";
				SDKROOT = iphoneos;
				SWIFT_COMPILATION_MODE = wholemodule;
				SWIFT_OPTIMIZATION_LEVEL = "-O";
				SWIFT_STRICT_CONCURRENCY = complete;
				SWIFT_VERSION = 6.0;
			};
			name = Release;
		};
		37655CDA9DDCE0BAA7705EAE /* Debug */ = {
			isa = XCBuildConfiguration;
			buildSettings = {
				BUNDLE_LOADER = "$(TEST_HOST)";
				GENERATE_INFOPLIST_FILE = YES;
				LD_RUNPATH_SEARCH_PATHS = (
					"$(inherited)",
					"@executable_path/Frameworks",
					"@loader_path/Frameworks",
				);
				PRODUCT_BUNDLE_IDENTIFIER = com.wagneraz.CashOutUITests;
				SDKROOT = iphoneos;
				TARGETED_DEVICE_FAMILY = 1;
				TEST_TARGET_NAME = CashOut;
			};
			name = Debug;
		};
		40E90741028421C3CAE63818 /* Debug */ = {
			isa = XCBuildConfiguration;
			buildSettings = {
				ASSETCATALOG_COMPILER_APPICON_NAME = AppIcon;
				CODE_SIGN_ENTITLEMENTS = CashOut/CashOut.entitlements;
				CODE_SIGN_IDENTITY = "iPhone Developer";
				CODE_SIGN_STYLE = Automatic;
				CURRENT_PROJECT_VERSION = 1;
				DEVELOPMENT_TEAM = SYFC589NFT;
				GENERATE_INFOPLIST_FILE = YES;
				INFOPLIST_FILE = CashOut/Info.plist;
				LD_RUNPATH_SEARCH_PATHS = (
					"$(inherited)",
					"@executable_path/Frameworks",
				);
				MARKETING_VERSION = 1.0;
				PRODUCT_BUNDLE_IDENTIFIER = com.wagneraz.CashOut;
				SDKROOT = iphoneos;
				TARGETED_DEVICE_FAMILY = 1;
			};
			name = Debug;
		};
		9514E148C55785B4ACD47975 /* Release */ = {
			isa = XCBuildConfiguration;
			buildSettings = {
				BUNDLE_LOADER = "$(TEST_HOST)";
				GENERATE_INFOPLIST_FILE = YES;
				LD_RUNPATH_SEARCH_PATHS = (
					"$(inherited)",
					"@executable_path/Frameworks",
					"@loader_path/Frameworks",
				);
				PRODUCT_BUNDLE_IDENTIFIER = com.wagneraz.CashOutUITests;
				SDKROOT = iphoneos;
				TARGETED_DEVICE_FAMILY = 1;
				TEST_TARGET_NAME = CashOut;
			};
			name = Release;
		};
		A018460D25A3826F082F6347 /* Debug */ = {
			isa = XCBuildConfiguration;
			buildSettings = {
				BUNDLE_LOADER = "$(TEST_HOST)";
				GENERATE_INFOPLIST_FILE = YES;
				LD_RUNPATH_SEARCH_PATHS = (
					"$(inherited)",
					"@executable_path/Frameworks",
					"@loader_path/Frameworks",
				);
				PRODUCT_BUNDLE_IDENTIFIER = com.wagneraz.CashOutTests;
				SDKROOT = iphoneos;
				TARGETED_DEVICE_FAMILY = 1;
				TEST_HOST = "$(BUILT_PRODUCTS_DIR)/CashOut.app/CashOut";
			};
			name = Debug;
		};
		D3A1AA434DB88357E6A153CE /* Release */ = {
			isa = XCBuildConfiguration;
			buildSettings = {
				BUNDLE_LOADER = "$(TEST_HOST)";
				GENERATE_INFOPLIST_FILE = YES;
				LD_RUNPATH_SEARCH_PATHS = (
					"$(inherited)",
					"@executable_path/Frameworks",
					"@loader_path/Frameworks",
				);
				PRODUCT_BUNDLE_IDENTIFIER = com.wagneraz.CashOutTests;
				SDKROOT = iphoneos;
				TARGETED_DEVICE_FAMILY = 1;
				TEST_HOST = "$(BUILT_PRODUCTS_DIR)/CashOut.app/CashOut";
			};
			name = Release;
		};
		E1DD24C89941786EE7837036 /* Release */ = {
			isa = XCBuildConfiguration;
			buildSettings = {
				ASSETCATALOG_COMPILER_APPICON_NAME = AppIcon;
				CODE_SIGN_ENTITLEMENTS = CashOut/CashOut.entitlements;
				CODE_SIGN_IDENTITY = "iPhone Developer";
				CODE_SIGN_STYLE = Automatic;
				CURRENT_PROJECT_VERSION = 1;
				DEVELOPMENT_TEAM = SYFC589NFT;
				GENERATE_INFOPLIST_FILE = YES;
				INFOPLIST_FILE = CashOut/Info.plist;
				LD_RUNPATH_SEARCH_PATHS = (
					"$(inherited)",
					"@executable_path/Frameworks",
				);
				MARKETING_VERSION = 1.0;
				PRODUCT_BUNDLE_IDENTIFIER = com.wagneraz.CashOut;
				SDKROOT = iphoneos;
				TARGETED_DEVICE_FAMILY = 1;
			};
			name = Release;
		};
		E33EA06FEC2B15FFF63AE0D4 /* Debug */ = {
			isa = XCBuildConfiguration;
			buildSettings = {
				ALWAYS_SEARCH_USER_PATHS = NO;
				CLANG_ANALYZER_NONNULL = YES;
				CLANG_ANALYZER_NUMBER_OBJECT_CONVERSION = YES_AGGRESSIVE;
				CLANG_CXX_LANGUAGE_STANDARD = "gnu++14";
				CLANG_CXX_LIBRARY = "libc++";
				CLANG_ENABLE_MODULES = YES;
				CLANG_ENABLE_OBJC_ARC = YES;
				CLANG_ENABLE_OBJC_WEAK = YES;
				CLANG_WARN_BLOCK_CAPTURE_AUTORELEASING = YES;
				CLANG_WARN_BOOL_CONVERSION = YES;
				CLANG_WARN_COMMA = YES;
				CLANG_WARN_CONSTANT_CONVERSION = YES;
				CLANG_WARN_DEPRECATED_OBJC_IMPLEMENTATIONS = YES;
				CLANG_WARN_DIRECT_OBJC_ISA_USAGE = YES_ERROR;
				CLANG_WARN_DOCUMENTATION_COMMENTS = YES;
				CLANG_WARN_EMPTY_BODY = YES;
				CLANG_WARN_ENUM_CONVERSION = YES;
				CLANG_WARN_INFINITE_RECURSION = YES;
				CLANG_WARN_INT_CONVERSION = YES;
				CLANG_WARN_NON_LITERAL_NULL_CONVERSION = YES;
				CLANG_WARN_OBJC_IMPLICIT_RETAIN_SELF = YES;
				CLANG_WARN_OBJC_LITERAL_CONVERSION = YES;
				CLANG_WARN_OBJC_ROOT_CLASS = YES_ERROR;
				CLANG_WARN_QUOTED_INCLUDE_IN_FRAMEWORK_HEADER = YES;
				CLANG_WARN_RANGE_LOOP_ANALYSIS = YES;
				CLANG_WARN_STRICT_PROTOTYPES = YES;
				CLANG_WARN_SUSPICIOUS_MOVE = YES;
				CLANG_WARN_UNGUARDED_AVAILABILITY = YES_AGGRESSIVE;
				CLANG_WARN_UNREACHABLE_CODE = YES;
				CLANG_WARN__DUPLICATE_METHOD_MATCH = YES;
				COPY_PHASE_STRIP = NO;
				DEBUG_INFORMATION_FORMAT = dwarf;
				ENABLE_STRICT_OBJC_MSGSEND = YES;
				ENABLE_TESTABILITY = YES;
				GCC_C_LANGUAGE_STANDARD = gnu11;
				GCC_DYNAMIC_NO_PIC = NO;
				GCC_NO_COMMON_BLOCKS = YES;
				GCC_OPTIMIZATION_LEVEL = 0;
				GCC_PREPROCESSOR_DEFINITIONS = (
					"$(inherited)",
					"DEBUG=1",
				);
				GCC_WARN_64_TO_32_BIT_CONVERSION = YES;
				GCC_WARN_ABOUT_RETURN_TYPE = YES_ERROR;
				GCC_WARN_UNDECLARED_SELECTOR = YES;
				GCC_WARN_UNINITIALIZED_AUTOS = YES_AGGRESSIVE;
				GCC_WARN_UNUSED_FUNCTION = YES;
				GCC_WARN_UNUSED_VARIABLE = YES;
				IPHONEOS_DEPLOYMENT_TARGET = 26.0;
				MTL_ENABLE_DEBUG_INFO = INCLUDE_SOURCE;
				MTL_FAST_MATH = YES;
				ONLY_ACTIVE_ARCH = YES;
				PRODUCT_NAME = "$(TARGET_NAME)";
				SDKROOT = iphoneos;
				SWIFT_ACTIVE_COMPILATION_CONDITIONS = DEBUG;
				SWIFT_OPTIMIZATION_LEVEL = "-Onone";
				SWIFT_STRICT_CONCURRENCY = complete;
				SWIFT_VERSION = 6.0;
			};
			name = Debug;
		};
/* End XCBuildConfiguration section */

/* Begin XCConfigurationList section */
		1393FA69445F45C1ECD790C9 /* Build configuration list for PBXProject "CashOut" */ = {
			isa = XCConfigurationList;
			buildConfigurations = (
				E33EA06FEC2B15FFF63AE0D4 /* Debug */,
				1AFAB61C9ED2C4D9A1438A94 /* Release */,
			);
			defaultConfigurationIsVisible = 0;
			defaultConfigurationName = Debug;
		};
		201CD52C78EB4954643A20FC /* Build configuration list for PBXNativeTarget "CashOutTests" */ = {
			isa = XCConfigurationList;
			buildConfigurations = (
				A018460D25A3826F082F6347 /* Debug */,
				D3A1AA434DB88357E6A153CE /* Release */,
			);
			defaultConfigurationIsVisible = 0;
			defaultConfigurationName = Debug;
		};
		5DE199DFD831BE6D6E90DF56 /* Build configuration list for PBXNativeTarget "CashOut" */ = {
			isa = XCConfigurationList;
			buildConfigurations = (
				40E90741028421C3CAE63818 /* Debug */,
				E1DD24C89941786EE7837036 /* Release */,
			);
			defaultConfigurationIsVisible = 0;
			defaultConfigurationName = Debug;
		};
		648AEBE6FABC5ADD3764D405 /* Build configuration list for PBXNativeTarget "CashOutUITests" */ = {
			isa = XCConfigurationList;
			buildConfigurations = (
				37655CDA9DDCE0BAA7705EAE /* Debug */,
				9514E148C55785B4ACD47975 /* Release */,
			);
			defaultConfigurationIsVisible = 0;
			defaultConfigurationName = Debug;
		};
/* End XCConfigurationList section */

/* Begin XCVersionGroup section */
		1220D06E7CDAED7C785E2D19 /* CashOut.xcdatamodeld */ = {
			isa = XCVersionGroup;
			children = (
				FC2F5586AE7BDD3457264666 /* CashOut.xcdatamodel */,
			);
			currentVersion = FC2F5586AE7BDD3457264666 /* CashOut.xcdatamodel */;
			path = CashOut.xcdatamodeld;
			sourceTree = "<group>";
			versionGroupType = wrapper.xcdatamodel;
		};
/* End XCVersionGroup section */
	};
	rootObject = 9AE90AB258B40A18F1ADF3BB /* Project object */;
}
